// !$*UTF8*$!
{
	archiveVersion = 1;
	classes = {
	};
	objectVersion = 56;
	objects = {

/* Begin PBXBuildFile section */
		D80C617E2BD3B30F003639B0 /* 3986.swift in Sources */ = {isa = PBXBuildFile; fileRef = D80C617D2BD3B30F003639B0 /* 3986.swift */; };
		D80C61802BD3C616003639B0 /* 10799.swift in Sources */ = {isa = PBXBuildFile; fileRef = D80C617F2BD3C616003639B0 /* 10799.swift */; };
		D80C61842BD76735003639B0 /* 2178.swift in Sources */ = {isa = PBXBuildFile; fileRef = D80C61832BD76735003639B0 /* 2178.swift */; };
		D80C61862BD7D975003639B0 /* 1926.swift in Sources */ = {isa = PBXBuildFile; fileRef = D80C61852BD7D975003639B0 /* 1926.swift */; };
		D80C61882BDEC707003639B0 /* 7576.swift in Sources */ = {isa = PBXBuildFile; fileRef = D80C61872BDEC707003639B0 /* 7576.swift */; };
		D80C618A2BE34C5A003639B0 /* 1012.swift in Sources */ = {isa = PBXBuildFile; fileRef = D80C61892BE34C5A003639B0 /* 1012.swift */; };
		D80C618C2BE62999003639B0 /* 10026.swift in Sources */ = {isa = PBXBuildFile; fileRef = D80C618B2BE62999003639B0 /* 10026.swift */; };
		D80C618E2BE7AEF8003639B0 /* 1697.swift in Sources */ = {isa = PBXBuildFile; fileRef = D80C618D2BE7AEF8003639B0 /* 1697.swift */; };
		D80C61902BEA77A6003639B0 /* 7562.swift in Sources */ = {isa = PBXBuildFile; fileRef = D80C618F2BEA77A6003639B0 /* 7562.swift */; };
		D860C17C2BCBCE7C007DCF1E /* 1021.swift in Sources */ = {isa = PBXBuildFile; fileRef = D860C17B2BCBCE7C007DCF1E /* 1021.swift */; };
		D860C17F2BCC4720007DCF1E /* 2164.swift in Sources */ = {isa = PBXBuildFile; fileRef = D860C17E2BCC4720007DCF1E /* 2164.swift */; };
		D860C1812BCCC456007DCF1E /* 5430.swift in Sources */ = {isa = PBXBuildFile; fileRef = D860C1802BCCC456007DCF1E /* 5430.swift */; };
		D88AEB7F2BBD6D1B00BAAE51 /* main.swift in Sources */ = {isa = PBXBuildFile; fileRef = D88AEB7E2BBD6D1B00BAAE51 /* main.swift */; };
		D88AEB872BBD6D8300BAAE51 /* 1475.swift in Sources */ = {isa = PBXBuildFile; fileRef = D88AEB862BBD6D8300BAAE51 /* 1475.swift */; };
		D88AEB892BBD6D9200BAAE51 /* 2577.swift in Sources */ = {isa = PBXBuildFile; fileRef = D88AEB882BBD6D9200BAAE51 /* 2577.swift */; };
		D88AEB8B2BBE601000BAAE51 /* 3273.swift in Sources */ = {isa = PBXBuildFile; fileRef = D88AEB8A2BBE601000BAAE51 /* 3273.swift */; };
		D88AEB8E2BC260D100BAAE51 /* 1874.swift in Sources */ = {isa = PBXBuildFile; fileRef = D88AEB8D2BC260D100BAAE51 /* 1874.swift */; };
		D88AEB902BC2833B00BAAE51 /* 10773.swift in Sources */ = {isa = PBXBuildFile; fileRef = D88AEB8F2BC2833B00BAAE51 /* 10773.swift */; };
		D88AEB932BC287E600BAAE51 /* 1158.swift in Sources */ = {isa = PBXBuildFile; fileRef = D88AEB922BC287E600BAAE51 /* 1158.swift */; };
		D88AEB952BC7964A00BAAE51 /* 1406.swift in Sources */ = {isa = PBXBuildFile; fileRef = D88AEB942BC7964A00BAAE51 /* 1406.swift */; };
		D88AEB972BC7965E00BAAE51 /* 2493.swift in Sources */ = {isa = PBXBuildFile; fileRef = D88AEB962BC7965E00BAAE51 /* 2493.swift */; };
		D88AEB9A2BC799B700BAAE51 /* 18258.swift in Sources */ = {isa = PBXBuildFile; fileRef = D88AEB992BC799B700BAAE51 /* 18258.swift */; };
		D8B04EE12C082122001D745E /* 17478.swift in Sources */ = {isa = PBXBuildFile; fileRef = D8B04EE02C082122001D745E /* 17478.swift */; };
/* End PBXBuildFile section */

/* Begin PBXCopyFilesBuildPhase section */
		D88AEB792BBD6D1B00BAAE51 /* CopyFiles */ = {
			isa = PBXCopyFilesBuildPhase;
			buildActionMask = 2147483647;
			dstPath = /usr/share/man/man1/;
			dstSubfolderSpec = 0;
			files = (
			);
			runOnlyForDeploymentPostprocessing = 1;
		};
/* End PBXCopyFilesBuildPhase section */

/* Begin PBXFileReference section */
		D80C617D2BD3B30F003639B0 /* 3986.swift */ = {isa = PBXFileReference; lastKnownFileType = sourcecode.swift; path = 3986.swift; sourceTree = "<group>"; };
		D80C617F2BD3C616003639B0 /* 10799.swift */ = {isa = PBXFileReference; lastKnownFileType = sourcecode.swift; path = 10799.swift; sourceTree = "<group>"; };
		D80C61832BD76735003639B0 /* 2178.swift */ = {isa = PBXFileReference; lastKnownFileType = sourcecode.swift; path = 2178.swift; sourceTree = "<group>"; };
		D80C61852BD7D975003639B0 /* 1926.swift */ = {isa = PBXFileReference; lastKnownFileType = sourcecode.swift; path = 1926.swift; sourceTree = "<group>"; };
		D80C61872BDEC707003639B0 /* 7576.swift */ = {isa = PBXFileReference; lastKnownFileType = sourcecode.swift; path = 7576.swift; sourceTree = "<group>"; };
		D80C61892BE34C5A003639B0 /* 1012.swift */ = {isa = PBXFileReference; lastKnownFileType = sourcecode.swift; path = 1012.swift; sourceTree = "<group>"; };
		D80C618B2BE62999003639B0 /* 10026.swift */ = {isa = PBXFileReference; lastKnownFileType = sourcecode.swift; path = 10026.swift; sourceTree = "<group>"; };
		D80C618D2BE7AEF8003639B0 /* 1697.swift */ = {isa = PBXFileReference; lastKnownFileType = sourcecode.swift; path = 1697.swift; sourceTree = "<group>"; };
		D80C618F2BEA77A6003639B0 /* 7562.swift */ = {isa = PBXFileReference; lastKnownFileType = sourcecode.swift; path = 7562.swift; sourceTree = "<group>"; };
		D860C17B2BCBCE7C007DCF1E /* 1021.swift */ = {isa = PBXFileReference; lastKnownFileType = sourcecode.swift; path = 1021.swift; sourceTree = "<group>"; };
		D860C17E2BCC4720007DCF1E /* 2164.swift */ = {isa = PBXFileReference; lastKnownFileType = sourcecode.swift; path = 2164.swift; sourceTree = "<group>"; };
		D860C1802BCCC456007DCF1E /* 5430.swift */ = {isa = PBXFileReference; lastKnownFileType = sourcecode.swift; path = 5430.swift; sourceTree = "<group>"; };
		D88AEB7B2BBD6D1B00BAAE51 /* 2024BOJ */ = {isa = PBXFileReference; explicitFileType = "compiled.mach-o.executable"; includeInIndex = 0; path = 2024BOJ; sourceTree = BUILT_PRODUCTS_DIR; };
		D88AEB7E2BBD6D1B00BAAE51 /* main.swift */ = {isa = PBXFileReference; lastKnownFileType = sourcecode.swift; path = main.swift; sourceTree = "<group>"; };
		D88AEB862BBD6D8300BAAE51 /* 1475.swift */ = {isa = PBXFileReference; lastKnownFileType = sourcecode.swift; path = 1475.swift; sourceTree = "<group>"; };
		D88AEB882BBD6D9200BAAE51 /* 2577.swift */ = {isa = PBXFileReference; lastKnownFileType = sourcecode.swift; path = 2577.swift; sourceTree = "<group>"; };
		D88AEB8A2BBE601000BAAE51 /* 3273.swift */ = {isa = PBXFileReference; lastKnownFileType = sourcecode.swift; path = 3273.swift; sourceTree = "<group>"; };
		D88AEB8D2BC260D100BAAE51 /* 1874.swift */ = {isa = PBXFileReference; lastKnownFileType = sourcecode.swift; path = 1874.swift; sourceTree = "<group>"; };
		D88AEB8F2BC2833B00BAAE51 /* 10773.swift */ = {isa = PBXFileReference; lastKnownFileType = sourcecode.swift; path = 10773.swift; sourceTree = "<group>"; };
		D88AEB922BC287E600BAAE51 /* 1158.swift */ = {isa = PBXFileReference; lastKnownFileType = sourcecode.swift; path = 1158.swift; sourceTree = "<group>"; };
		D88AEB942BC7964A00BAAE51 /* 1406.swift */ = {isa = PBXFileReference; lastKnownFileType = sourcecode.swift; path = 1406.swift; sourceTree = "<group>"; };
		D88AEB962BC7965E00BAAE51 /* 2493.swift */ = {isa = PBXFileReference; lastKnownFileType = sourcecode.swift; path = 2493.swift; sourceTree = "<group>"; };
		D88AEB992BC799B700BAAE51 /* 18258.swift */ = {isa = PBXFileReference; lastKnownFileType = sourcecode.swift; path = 18258.swift; sourceTree = "<group>"; };
		D8B04EE02C082122001D745E /* 17478.swift */ = {isa = PBXFileReference; lastKnownFileType = sourcecode.swift; path = 17478.swift; sourceTree = "<group>"; };
/* End PBXFileReference section */

/* Begin PBXFrameworksBuildPhase section */
		D88AEB782BBD6D1B00BAAE51 /* Frameworks */ = {
			isa = PBXFrameworksBuildPhase;
			buildActionMask = 2147483647;
			files = (
			);
			runOnlyForDeploymentPostprocessing = 0;
		};
/* End PBXFrameworksBuildPhase section */

/* Begin PBXGroup section */
		D80C617C2BD3B2B5003639B0 /* 08Stack */ = {
			isa = PBXGroup;
			children = (
				D80C617D2BD3B30F003639B0 /* 3986.swift */,
				D80C617F2BD3C616003639B0 /* 10799.swift */,
			);
			path = 08Stack;
			sourceTree = "<group>";
		};
		D80C61822BD76722003639B0 /* 09BFS */ = {
			isa = PBXGroup;
			children = (
				D80C61832BD76735003639B0 /* 2178.swift */,
				D80C61852BD7D975003639B0 /* 1926.swift */,
				D80C61872BDEC707003639B0 /* 7576.swift */,
				D80C61892BE34C5A003639B0 /* 1012.swift */,
				D80C618B2BE62999003639B0 /* 10026.swift */,
				D80C618D2BE7AEF8003639B0 /* 1697.swift */,
				D80C618F2BEA77A6003639B0 /* 7562.swift */,
			);
			path = 09BFS;
			sourceTree = "<group>";
		};
		D860C17D2BCC4167007DCF1E /* 07Deque */ = {
			isa = PBXGroup;
			children = (
				D860C17B2BCBCE7C007DCF1E /* 1021.swift */,
				D860C1802BCCC456007DCF1E /* 5430.swift */,
			);
			path = 07Deque;
			sourceTree = "<group>";
		};
		D88AEB722BBD6D1B00BAAE51 = {
			isa = PBXGroup;
			children = (
				D88AEB7D2BBD6D1B00BAAE51 /* 2024BOJ */,
				D88AEB7C2BBD6D1B00BAAE51 /* Products */,
			);
			sourceTree = "<group>";
		};
		D88AEB7C2BBD6D1B00BAAE51 /* Products */ = {
			isa = PBXGroup;
			children = (
				D88AEB7B2BBD6D1B00BAAE51 /* 2024BOJ */,
			);
			name = Products;
			sourceTree = "<group>";
		};
		D88AEB7D2BBD6D1B00BAAE51 /* 2024BOJ */ = {
			isa = PBXGroup;
			children = (
				D88AEB7E2BBD6D1B00BAAE51 /* main.swift */,
				D88AEB852BBD6D5C00BAAE51 /* 03Array */,
				D88AEB912BC287D100BAAE51 /* 04LinkedList */,
				D88AEB8C2BC260BB00BAAE51 /* 05Stack */,
				D88AEB982BC799A100BAAE51 /* 06Queue */,
				D860C17D2BCC4167007DCF1E /* 07Deque */,
				D80C617C2BD3B2B5003639B0 /* 08Stack */,
				D80C61822BD76722003639B0 /* 09BFS */,
				D8B04EDF2C05FA84001D745E /* 10Recursion */,
			);
			path = 2024BOJ;
			sourceTree = "<group>";
		};
		D88AEB852BBD6D5C00BAAE51 /* 03Array */ = {
			isa = PBXGroup;
			children = (
				D88AEB862BBD6D8300BAAE51 /* 1475.swift */,
				D88AEB882BBD6D9200BAAE51 /* 2577.swift */,
				D88AEB8A2BBE601000BAAE51 /* 3273.swift */,
			);
			path = 03Array;
			sourceTree = "<group>";
		};
		D88AEB8C2BC260BB00BAAE51 /* 05Stack */ = {
			isa = PBXGroup;
			children = (
				D88AEB8D2BC260D100BAAE51 /* 1874.swift */,
				D88AEB8F2BC2833B00BAAE51 /* 10773.swift */,
				D88AEB962BC7965E00BAAE51 /* 2493.swift */,
			);
			path = 05Stack;
			sourceTree = "<group>";
		};
		D88AEB912BC287D100BAAE51 /* 04LinkedList */ = {
			isa = PBXGroup;
			children = (
				D88AEB922BC287E600BAAE51 /* 1158.swift */,
				D88AEB942BC7964A00BAAE51 /* 1406.swift */,
			);
			path = 04LinkedList;
			sourceTree = "<group>";
		};
		D88AEB982BC799A100BAAE51 /* 06Queue */ = {
			isa = PBXGroup;
			children = (
				D88AEB992BC799B700BAAE51 /* 18258.swift */,
				D860C17E2BCC4720007DCF1E /* 2164.swift */,
			);
			path = 06Queue;
			sourceTree = "<group>";
		};
		D8B04EDF2C05FA84001D745E /* 10Recursion */ = {
			isa = PBXGroup;
			children = (
				D8B04EE02C082122001D745E /* 17478.swift */,
			);
			path = 10Recursion;
			sourceTree = "<group>";
		};
/* End PBXGroup section */

/* Begin PBXNativeTarget section */
		D88AEB7A2BBD6D1B00BAAE51 /* 2024BOJ */ = {
			isa = PBXNativeTarget;
			buildConfigurationList = D88AEB822BBD6D1B00BAAE51 /* Build configuration list for PBXNativeTarget "2024BOJ" */;
			buildPhases = (
				D88AEB772BBD6D1B00BAAE51 /* Sources */,
				D88AEB782BBD6D1B00BAAE51 /* Frameworks */,
				D88AEB792BBD6D1B00BAAE51 /* CopyFiles */,
			);
			buildRules = (
			);
			dependencies = (
			);
			name = 2024BOJ;
			productName = 2024BOJ;
			productReference = D88AEB7B2BBD6D1B00BAAE51 /* 2024BOJ */;
			productType = "com.apple.product-type.tool";
		};
/* End PBXNativeTarget section */

/* Begin PBXProject section */
		D88AEB732BBD6D1B00BAAE51 /* Project object */ = {
			isa = PBXProject;
			attributes = {
				BuildIndependentTargetsInParallel = 1;
				LastSwiftUpdateCheck = 1530;
				LastUpgradeCheck = 1530;
				TargetAttributes = {
					D88AEB7A2BBD6D1B00BAAE51 = {
						CreatedOnToolsVersion = 15.3;
					};
				};
			};
			buildConfigurationList = D88AEB762BBD6D1B00BAAE51 /* Build configuration list for PBXProject "2024BOJ" */;
			compatibilityVersion = "Xcode 14.0";
			developmentRegion = en;
			hasScannedForEncodings = 0;
			knownRegions = (
				en,
				Base,
			);
			mainGroup = D88AEB722BBD6D1B00BAAE51;
			productRefGroup = D88AEB7C2BBD6D1B00BAAE51 /* Products */;
			projectDirPath = "";
			projectRoot = "";
			targets = (
				D88AEB7A2BBD6D1B00BAAE51 /* 2024BOJ */,
			);
		};
/* End PBXProject section */

/* Begin PBXSourcesBuildPhase section */
		D88AEB772BBD6D1B00BAAE51 /* Sources */ = {
			isa = PBXSourcesBuildPhase;
			buildActionMask = 2147483647;
			files = (
				D88AEB952BC7964A00BAAE51 /* 1406.swift in Sources */,
				D88AEB932BC287E600BAAE51 /* 1158.swift in Sources */,
				D80C61882BDEC707003639B0 /* 7576.swift in Sources */,
				D88AEB972BC7965E00BAAE51 /* 2493.swift in Sources */,
				D860C1812BCCC456007DCF1E /* 5430.swift in Sources */,
				D88AEB902BC2833B00BAAE51 /* 10773.swift in Sources */,
				D88AEB8B2BBE601000BAAE51 /* 3273.swift in Sources */,
				D88AEB8E2BC260D100BAAE51 /* 1874.swift in Sources */,
				D80C61862BD7D975003639B0 /* 1926.swift in Sources */,
				D8B04EE12C082122001D745E /* 17478.swift in Sources */,
				D80C618A2BE34C5A003639B0 /* 1012.swift in Sources */,
				D80C61842BD76735003639B0 /* 2178.swift in Sources */,
				D80C618C2BE62999003639B0 /* 10026.swift in Sources */,
				D80C617E2BD3B30F003639B0 /* 3986.swift in Sources */,
				D88AEB9A2BC799B700BAAE51 /* 18258.swift in Sources */,
				D88AEB872BBD6D8300BAAE51 /* 1475.swift in Sources */,
				D860C17C2BCBCE7C007DCF1E /* 1021.swift in Sources */,
				D88AEB892BBD6D9200BAAE51 /* 2577.swift in Sources */,
				D80C61902BEA77A6003639B0 /* 7562.swift in Sources */,
				D860C17F2BCC4720007DCF1E /* 2164.swift in Sources */,
				D88AEB7F2BBD6D1B00BAAE51 /* main.swift in Sources */,
				D80C61802BD3C616003639B0 /* 10799.swift in Sources */,
				D80C618E2BE7AEF8003639B0 /* 1697.swift in Sources */,
			);
			runOnlyForDeploymentPostprocessing = 0;
		};
/* End PBXSourcesBuildPhase section */

/* Begin XCBuildConfiguration section */
		D88AEB802BBD6D1B00BAAE51 /* Debug */ = {
			isa = XCBuildConfiguration;
			buildSettings = {
				ALWAYS_SEARCH_USER_PATHS = NO;
				ASSETCATALOG_COMPILER_GENERATE_SWIFT_ASSET_SYMBOL_EXTENSIONS = YES;
				CLANG_ANALYZER_NONNULL = YES;
				CLANG_ANALYZER_NUMBER_OBJECT_CONVERSION = YES_AGGRESSIVE;
				CLANG_CXX_LANGUAGE_STANDARD = "gnu++20";
				CLANG_ENABLE_MODULES = YES;
				CLANG_ENABLE_OBJC_ARC = YES;
				CLANG_ENABLE_OBJC_WEAK = YES;
				CLANG_WARN_BLOCK_CAPTURE_AUTORELEASING = YES;
				CLANG_WARN_BOOL_CONVERSION = YES;
				CLANG_WARN_COMMA = YES;
				CLANG_WARN_CONSTANT_CONVERSION = YES;
				CLANG_WARN_DEPRECATED_OBJC_IMPLEMENTATIONS = YES;
				CLANG_WARN_DIRECT_OBJC_ISA_USAGE = YES_ERROR;
				CLANG_WARN_DOCUMENTATION_COMMENTS = YES;
				CLANG_WARN_EMPTY_BODY = YES;
				CLANG_WARN_ENUM_CONVERSION = YES;
				CLANG_WARN_INFINITE_RECURSION = YES;
				CLANG_WARN_INT_CONVERSION = YES;
				CLANG_WARN_NON_LITERAL_NULL_CONVERSION = YES;
				CLANG_WARN_OBJC_IMPLICIT_RETAIN_SELF = YES;
				CLANG_WARN_OBJC_LITERAL_CONVERSION = YES;
				CLANG_WARN_OBJC_ROOT_CLASS = YES_ERROR;
				CLANG_WARN_QUOTED_INCLUDE_IN_FRAMEWORK_HEADER = YES;
				CLANG_WARN_RANGE_LOOP_ANALYSIS = YES;
				CLANG_WARN_STRICT_PROTOTYPES = YES;
				CLANG_WARN_SUSPICIOUS_MOVE = YES;
				CLANG_WARN_UNGUARDED_AVAILABILITY = YES_AGGRESSIVE;
				CLANG_WARN_UNREACHABLE_CODE = YES;
				CLANG_WARN__DUPLICATE_METHOD_MATCH = YES;
				COPY_PHASE_STRIP = NO;
				DEBUG_INFORMATION_FORMAT = dwarf;
				ENABLE_STRICT_OBJC_MSGSEND = YES;
				ENABLE_TESTABILITY = YES;
				ENABLE_USER_SCRIPT_SANDBOXING = YES;
				GCC_C_LANGUAGE_STANDARD = gnu17;
				GCC_DYNAMIC_NO_PIC = NO;
				GCC_NO_COMMON_BLOCKS = YES;
				GCC_OPTIMIZATION_LEVEL = 0;
				GCC_PREPROCESSOR_DEFINITIONS = (
					"DEBUG=1",
					"$(inherited)",
				);
				GCC_WARN_64_TO_32_BIT_CONVERSION = YES;
				GCC_WARN_ABOUT_RETURN_TYPE = YES_ERROR;
				GCC_WARN_UNDECLARED_SELECTOR = YES;
				GCC_WARN_UNINITIALIZED_AUTOS = YES_AGGRESSIVE;
				GCC_WARN_UNUSED_FUNCTION = YES;
				GCC_WARN_UNUSED_VARIABLE = YES;
				LOCALIZATION_PREFERS_STRING_CATALOGS = YES;
				MACOSX_DEPLOYMENT_TARGET = 14.3;
				MTL_ENABLE_DEBUG_INFO = INCLUDE_SOURCE;
				MTL_FAST_MATH = YES;
				ONLY_ACTIVE_ARCH = YES;
				SDKROOT = macosx;
				SWIFT_ACTIVE_COMPILATION_CONDITIONS = "DEBUG $(inherited)";
				SWIFT_OPTIMIZATION_LEVEL = "-Onone";
			};
			name = Debug;
		};
		D88AEB812BBD6D1B00BAAE51 /* Release */ = {
			isa = XCBuildConfiguration;
			buildSettings = {
				ALWAYS_SEARCH_USER_PATHS = NO;
				ASSETCATALOG_COMPILER_GENERATE_SWIFT_ASSET_SYMBOL_EXTENSIONS = YES;
				CLANG_ANALYZER_NONNULL = YES;
				CLANG_ANALYZER_NUMBER_OBJECT_CONVERSION = YES_AGGRESSIVE;
				CLANG_CXX_LANGUAGE_STANDARD = "gnu++20";
				CLANG_ENABLE_MODULES = YES;
				CLANG_ENABLE_OBJC_ARC = YES;
				CLANG_ENABLE_OBJC_WEAK = YES;
				CLANG_WARN_BLOCK_CAPTURE_AUTORELEASING = YES;
				CLANG_WARN_BOOL_CONVERSION = YES;
				CLANG_WARN_COMMA = YES;
				CLANG_WARN_CONSTANT_CONVERSION = YES;
				CLANG_WARN_DEPRECATED_OBJC_IMPLEMENTATIONS = YES;
				CLANG_WARN_DIRECT_OBJC_ISA_USAGE = YES_ERROR;
				CLANG_WARN_DOCUMENTATION_COMMENTS = YES;
				CLANG_WARN_EMPTY_BODY = YES;
				CLANG_WARN_ENUM_CONVERSION = YES;
				CLANG_WARN_INFINITE_RECURSION = YES;
				CLANG_WARN_INT_CONVERSION = YES;
				CLANG_WARN_NON_LITERAL_NULL_CONVERSION = YES;
				CLANG_WARN_OBJC_IMPLICIT_RETAIN_SELF = YES;
				CLANG_WARN_OBJC_LITERAL_CONVERSION = YES;
				CLANG_WARN_OBJC_ROOT_CLASS = YES_ERROR;
				CLANG_WARN_QUOTED_INCLUDE_IN_FRAMEWORK_HEADER = YES;
				CLANG_WARN_RANGE_LOOP_ANALYSIS = YES;
				CLANG_WARN_STRICT_PROTOTYPES = YES;
				CLANG_WARN_SUSPICIOUS_MOVE = YES;
				CLANG_WARN_UNGUARDED_AVAILABILITY = YES_AGGRESSIVE;
				CLANG_WARN_UNREACHABLE_CODE = YES;
				CLANG_WARN__DUPLICATE_METHOD_MATCH = YES;
				COPY_PHASE_STRIP = NO;
				DEBUG_INFORMATION_FORMAT = "dwarf-with-dsym";
				ENABLE_NS_ASSERTIONS = NO;
				ENABLE_STRICT_OBJC_MSGSEND = YES;
				ENABLE_USER_SCRIPT_SANDBOXING = YES;
				GCC_C_LANGUAGE_STANDARD = gnu17;
				GCC_NO_COMMON_BLOCKS = YES;
				GCC_WARN_64_TO_32_BIT_CONVERSION = YES;
				GCC_WARN_ABOUT_RETURN_TYPE = YES_ERROR;
				GCC_WARN_UNDECLARED_SELECTOR = YES;
				GCC_WARN_UNINITIALIZED_AUTOS = YES_AGGRESSIVE;
				GCC_WARN_UNUSED_FUNCTION = YES;
				GCC_WARN_UNUSED_VARIABLE = YES;
				LOCALIZATION_PREFERS_STRING_CATALOGS = YES;
				MACOSX_DEPLOYMENT_TARGET = 14.3;
				MTL_ENABLE_DEBUG_INFO = NO;
				MTL_FAST_MATH = YES;
				SDKROOT = macosx;
				SWIFT_COMPILATION_MODE = wholemodule;
			};
			name = Release;
		};
		D88AEB832BBD6D1B00BAAE51 /* Debug */ = {
			isa = XCBuildConfiguration;
			buildSettings = {
				CODE_SIGN_STYLE = Automatic;
				DEVELOPMENT_TEAM = 7P5S729LQZ;
				ENABLE_HARDENED_RUNTIME = YES;
				PRODUCT_NAME = "$(TARGET_NAME)";
				SWIFT_VERSION = 5.0;
			};
			name = Debug;
		};
		D88AEB842BBD6D1B00BAAE51 /* Release */ = {
			isa = XCBuildConfiguration;
			buildSettings = {
				CODE_SIGN_STYLE = Automatic;
				DEVELOPMENT_TEAM = 7P5S729LQZ;
				ENABLE_HARDENED_RUNTIME = YES;
				PRODUCT_NAME = "$(TARGET_NAME)";
				SWIFT_VERSION = 5.0;
			};
			name = Release;
		};
/* End XCBuildConfiguration section */

/* Begin XCConfigurationList section */
		D88AEB762BBD6D1B00BAAE51 /* Build configuration list for PBXProject "2024BOJ" */ = {
			isa = XCConfigurationList;
			buildConfigurations = (
				D88AEB802BBD6D1B00BAAE51 /* Debug */,
				D88AEB812BBD6D1B00BAAE51 /* Release */,
			);
			defaultConfigurationIsVisible = 0;
			defaultConfigurationName = Release;
		};
		D88AEB822BBD6D1B00BAAE51 /* Build configuration list for PBXNativeTarget "2024BOJ" */ = {
			isa = XCConfigurationList;
			buildConfigurations = (
				D88AEB832BBD6D1B00BAAE51 /* Debug */,
				D88AEB842BBD6D1B00BAAE51 /* Release */,
			);
			defaultConfigurationIsVisible = 0;
			defaultConfigurationName = Release;
		};
/* End XCConfigurationList section */
	};
	rootObject = D88AEB732BBD6D1B00BAAE51 /* Project object */;
}
